
Microsoft Visual Studio Solution File, Format Version 12.00
# Visual Studio Version 17
VisualStudioVersion = 17.11.35327.3
MinimumVisualStudioVersion = 10.0.40219.1
Project("{FAE04EC0-301F-11D3-BF4B-00C04F79EFBC}") = "Fatorial", "Fatorial.csproj", "{EDA86399-8913-4742-8D50-1F7EF1DD5F03}"
EndProject
Global
	GlobalSection(SolutionConfigurationPlatforms) = preSolution
		Debug|Any CPU = Debug|Any CPU
		Release|Any CPU = Release|Any CPU
	EndGlobalSection
	GlobalSection(ProjectConfigurationPlatforms) = postSolution
		{EDA86399-8913-4742-8D50-1F7EF1DD5F03}.Debug|Any CPU.ActiveCfg = Debug|Any CPU
		{EDA86399-8913-4742-8D50-1F7EF1DD5F03}.Debug|Any CPU.Build.0 = Debug|Any CPU
		{EDA86399-8913-4742-8D50-1F7EF1DD5F03}.Release|Any CPU.ActiveCfg = Release|Any CPU
		{EDA86399-8913-4742-8D50-1F7EF1DD5F03}.Release|Any CPU.Build.0 = Release|Any CPU
	EndGlobalSection
	GlobalSection(SolutionProperties) = preSolution
		HideSolutionNode = FALSE
	EndGlobalSection
	GlobalSection(ExtensibilityGlobals) = postSolution
		SolutionGuid = {7E595882-097D-4CED-9B9A-54B9FA641D3D}
	EndGlobalSection
EndGlobal
