
Microsoft Visual Studio Solution File, Format Version 12.00
# Visual Studio Version 17
VisualStudioVersion = 17.11.35327.3
MinimumVisualStudioVersion = 10.0.40219.1
Project("{FAE04EC0-301F-11D3-BF4B-00C04F79EFBC}") = "Ex012", "Ex012.csproj", "{4083EC72-A523-43ED-9B6A-5E3632CFB0EF}"
EndProject
Global
	GlobalSection(SolutionConfigurationPlatforms) = preSolution
		Debug|Any CPU = Debug|Any CPU
		Release|Any CPU = Release|Any CPU
	EndGlobalSection
	GlobalSection(ProjectConfigurationPlatforms) = postSolution
		{4083EC72-A523-43ED-9B6A-5E3632CFB0EF}.Debug|Any CPU.ActiveCfg = Debug|Any CPU
		{4083EC72-A523-43ED-9B6A-5E3632CFB0EF}.Debug|Any CPU.Build.0 = Debug|Any CPU
		{4083EC72-A523-43ED-9B6A-5E3632CFB0EF}.Release|Any CPU.ActiveCfg = Release|Any CPU
		{4083EC72-A523-43ED-9B6A-5E3632CFB0EF}.Release|Any CPU.Build.0 = Release|Any CPU
	EndGlobalSection
	GlobalSection(SolutionProperties) = preSolution
		HideSolutionNode = FALSE
	EndGlobalSection
	GlobalSection(ExtensibilityGlobals) = postSolution
		SolutionGuid = {DB180E51-8F5A-43A1-955C-C95F9B6CF739}
	EndGlobalSection
EndGlobal
