
Microsoft Visual Studio Solution File, Format Version 12.00
# Visual Studio Version 17
VisualStudioVersion = 17.11.35327.3
MinimumVisualStudioVersion = 10.0.40219.1
Project("{FAE04EC0-301F-11D3-BF4B-00C04F79EFBC}") = "Teste_Senha", "Teste_Senha.csproj", "{8D6E8128-205C-4841-A55B-D682CAED7A33}"
EndProject
Global
	GlobalSection(SolutionConfigurationPlatforms) = preSolution
		Debug|Any CPU = Debug|Any CPU
		Release|Any CPU = Release|Any CPU
	EndGlobalSection
	GlobalSection(ProjectConfigurationPlatforms) = postSolution
		{8D6E8128-205C-4841-A55B-D682CAED7A33}.Debug|Any CPU.ActiveCfg = Debug|Any CPU
		{8D6E8128-205C-4841-A55B-D682CAED7A33}.Debug|Any CPU.Build.0 = Debug|Any CPU
		{8D6E8128-205C-4841-A55B-D682CAED7A33}.Release|Any CPU.ActiveCfg = Release|Any CPU
		{8D6E8128-205C-4841-A55B-D682CAED7A33}.Release|Any CPU.Build.0 = Release|Any CPU
	EndGlobalSection
	GlobalSection(SolutionProperties) = preSolution
		HideSolutionNode = FALSE
	EndGlobalSection
	GlobalSection(ExtensibilityGlobals) = postSolution
		SolutionGuid = {4383FC5F-DD47-44E6-B749-B8D5E7D81BCA}
	EndGlobalSection
EndGlobal
